
Microsoft Visual Studio Solution File, Format Version 12.00
# Visual Studio 15
VisualStudioVersion = 15.0.28307.271
MinimumVisualStudioVersion = 10.0.40219.1
Project("{8BC9CEB8-8B4A-11D0-8D11-00A0C91BC942}") = "CommunicationFPGA", "CommunicationFPGA.vcxproj", "{981CCFEF-BAC6-36F0-9DA6-3B20713E3C3A}"
EndProject
Global
	GlobalSection(SolutionConfigurationPlatforms) = preSolution
		Debug|x64 = Debug|x64
		Release|x64 = Release|x64
	EndGlobalSection
	GlobalSection(ProjectConfigurationPlatforms) = postSolution
		{981CCFEF-BAC6-36F0-9DA6-3B20713E3C3A}.Debug|x64.ActiveCfg = Debug|x64
		{981CCFEF-BAC6-36F0-9DA6-3B20713E3C3A}.Debug|x64.Build.0 = Debug|x64
		{981CCFEF-BAC6-36F0-9DA6-3B20713E3C3A}.Release|x64.ActiveCfg = Release|x64
		{981CCFEF-BAC6-36F0-9DA6-3B20713E3C3A}.Release|x64.Build.0 = Release|x64
	EndGlobalSection
	GlobalSection(SolutionProperties) = preSolution
		HideSolutionNode = FALSE
	EndGlobalSection
	GlobalSection(ExtensibilityGlobals) = postSolution
		SolutionGuid = {4800A0C1-4DF3-4E34-90B0-9E1F9F37C7CE}
	EndGlobalSection
EndGlobal
